
Microsoft Visual Studio Solution File, Format Version 12.00
# Visual Studio Version 16
VisualStudioVersion = 16.0.30523.141
MinimumVisualStudioVersion = 10.0.40219.1
Project("{FAE04EC0-301F-11D3-BF4B-00C04F79EFBC}") = "AspNetConceptsProject", "AspNetConceptsProject.csproj", "{F13CD1A8-06FB-4604-8178-A97B5D92A972}"
EndProject
Global
	GlobalSection(SolutionConfigurationPlatforms) = preSolution
		Debug|Any CPU = Debug|Any CPU
		Release|Any CPU = Release|Any CPU
	EndGlobalSection
	GlobalSection(ProjectConfigurationPlatforms) = postSolution
		{F13CD1A8-06FB-4604-8178-A97B5D92A972}.Debug|Any CPU.ActiveCfg = Debug|Any CPU
		{F13CD1A8-06FB-4604-8178-A97B5D92A972}.Debug|Any CPU.Build.0 = Debug|Any CPU
		{F13CD1A8-06FB-4604-8178-A97B5D92A972}.Release|Any CPU.ActiveCfg = Release|Any CPU
		{F13CD1A8-06FB-4604-8178-A97B5D92A972}.Release|Any CPU.Build.0 = Release|Any CPU
	EndGlobalSection
	GlobalSection(SolutionProperties) = preSolution
		HideSolutionNode = FALSE
	EndGlobalSection
	GlobalSection(ExtensibilityGlobals) = postSolution
		SolutionGuid = {E94D274B-2CBD-4423-A126-4D649D2ED6A2}
	EndGlobalSection
EndGlobal
