
Microsoft Visual Studio Solution File, Format Version 12.00
# Visual Studio Version 16
VisualStudioVersion = 16.0.30523.141
MinimumVisualStudioVersion = 10.0.40219.1
Project("{FAE04EC0-301F-11D3-BF4B-00C04F79EFBC}") = "AbstractionExample", "AbstractionExample.csproj", "{1DF69A7D-DFEA-459C-A1CF-44D3AD7B1378}"
EndProject
Global
	GlobalSection(SolutionConfigurationPlatforms) = preSolution
		Debug|Any CPU = Debug|Any CPU
		Release|Any CPU = Release|Any CPU
	EndGlobalSection
	GlobalSection(ProjectConfigurationPlatforms) = postSolution
		{1DF69A7D-DFEA-459C-A1CF-44D3AD7B1378}.Debug|Any CPU.ActiveCfg = Debug|Any CPU
		{1DF69A7D-DFEA-459C-A1CF-44D3AD7B1378}.Debug|Any CPU.Build.0 = Debug|Any CPU
		{1DF69A7D-DFEA-459C-A1CF-44D3AD7B1378}.Release|Any CPU.ActiveCfg = Release|Any CPU
		{1DF69A7D-DFEA-459C-A1CF-44D3AD7B1378}.Release|Any CPU.Build.0 = Release|Any CPU
	EndGlobalSection
	GlobalSection(SolutionProperties) = preSolution
		HideSolutionNode = FALSE
	EndGlobalSection
	GlobalSection(ExtensibilityGlobals) = postSolution
		SolutionGuid = {62232F0D-E113-49E9-8962-C7E8560E0816}
	EndGlobalSection
EndGlobal
